# THIS IS AN AUTOGENERATED FILE. DO NOT EDIT THIS FILE DIRECTLY.
# yarn lockfile v1


"@babel/helper-plugin-utils@^7.10.4", "@babel/helper-plugin-utils@^7.8.0":
  version "7.10.4"
  resolved "https://repo.corp.qunar.com/artifactory/api/npm/npm-qunar/@babel/helper-plugin-utils/download/@babel/helper-plugin-utils-7.10.4.tgz#2f75a831269d4f677de49986dff59927533cf375"
  integrity sha1-L3WoMSadT2d95JmG3/WZJ1M883U=

"@babel/helper-validator-identifier@^7.10.4":
  version "7.10.4"
  resolved "https://repo.corp.qunar.com/artifactory/api/npm/npm-qunar/@babel/helper-validator-identifier/download/@babel/helper-validator-identifier-7.10.4.tgz#a78c7a7251e01f616512d31b10adcf52ada5e0d2"
  integrity sha1-p4x6clHgH2FlEtMbEK3PUq2l4NI=

"@babel/plugin-proposal-object-rest-spread@^7.10.3":
  version "7.12.1"
  resolved "https://repo.corp.qunar.com/artifactory/api/npm/npm-qunar/@babel/plugin-proposal-object-rest-spread/download/@babel/plugin-proposal-object-rest-spread-7.12.1.tgz#def9bd03cea0f9b72283dac0ec22d289c7691069"
  integrity sha1-3vm9A86g+bcig9rA7CLSicdpEGk=
  dependencies:
    "@babel/helper-plugin-utils" "^7.10.4"
    "@babel/plugin-syntax-object-rest-spread" "^7.8.0"
    "@babel/plugin-transform-parameters" "^7.12.1"

"@babel/plugin-syntax-flow@^7.12.1":
  version "7.12.1"
  resolved "https://repo.corp.qunar.com/artifactory/api/npm/npm-qunar/@babel/plugin-syntax-flow/download/@babel/plugin-syntax-flow-7.12.1.tgz#a77670d9abe6d63e8acadf4c31bb1eb5a506bbdd"
  integrity sha1-p3Zw2avm1j6Kyt9MMbsetaUGu90=
  dependencies:
    "@babel/helper-plugin-utils" "^7.10.4"

"@babel/plugin-syntax-jsx@^7.10.1":
  version "7.12.1"
  resolved "https://repo.corp.qunar.com/artifactory/api/npm/npm-qunar/@babel/plugin-syntax-jsx/download/@babel/plugin-syntax-jsx-7.12.1.tgz#9d9d357cc818aa7ae7935917c1257f67677a0926"
  integrity sha1-nZ01fMgYqnrnk1kXwSV/Z2d6CSY=
  dependencies:
    "@babel/helper-plugin-utils" "^7.10.4"

"@babel/plugin-syntax-object-rest-spread@^7.8.0":
  version "7.8.3"
  resolved "https://repo.corp.qunar.com/artifactory/api/npm/npm-qunar/@babel/plugin-syntax-object-rest-spread/download/@babel/plugin-syntax-object-rest-spread-7.8.3.tgz#60e225edcbd98a640332a2e72dd3e66f1af55871"
  integrity sha1-YOIl7cvZimQDMqLnLdPmbxr1WHE=
  dependencies:
    "@babel/helper-plugin-utils" "^7.8.0"

"@babel/plugin-transform-flow-strip-types@^7.10.1":
  version "7.12.1"
  resolved "https://repo.corp.qunar.com/artifactory/api/npm/npm-qunar/@babel/plugin-transform-flow-strip-types/download/@babel/plugin-transform-flow-strip-types-7.12.1.tgz#8430decfa7eb2aea5414ed4a3fa6e1652b7d77c4"
  integrity sha1-hDDez6frKupUFO1KP6bhZSt9d8Q=
  dependencies:
    "@babel/helper-plugin-utils" "^7.10.4"
    "@babel/plugin-syntax-flow" "^7.12.1"

"@babel/plugin-transform-parameters@^7.12.1":
  version "7.12.1"
  resolved "https://repo.corp.qunar.com/artifactory/api/npm/npm-qunar/@babel/plugin-transform-parameters/download/@babel/plugin-transform-parameters-7.12.1.tgz#d2e963b038771650c922eff593799c96d853255d"
  integrity sha1-0uljsDh3FlDJIu/1k3mclthTJV0=
  dependencies:
    "@babel/helper-plugin-utils" "^7.10.4"

"@babel/runtime@^7.1.2", "@babel/runtime@^7.5.5", "@babel/runtime@^7.7.7":
  version "7.12.1"
  resolved "https://repo.corp.qunar.com/artifactory/api/npm/npm-qunar/@babel/runtime/download/@babel/runtime-7.12.1.tgz#b4116a6b6711d010b2dad3b7b6e43bf1b9954740"
  integrity sha1-tBFqa2cR0BCy2tO3tuQ78bmVR0A=
  dependencies:
    regenerator-runtime "^0.13.4"

"@babel/types@^7.8.0":
  version "7.12.1"
  resolved "https://repo.corp.qunar.com/artifactory/api/npm/npm-qunar/@babel/types/download/@babel/types-7.12.1.tgz#e109d9ab99a8de735be287ee3d6a9947a190c4ae"
  integrity sha1-4QnZq5mo3nNb4ofuPWqZR6GQxK4=
  dependencies:
    "@babel/helper-validator-identifier" "^7.10.4"
    lodash "^4.17.19"
    to-fast-properties "^2.0.0"

"@loadable/component@^5.12.0":
  version "5.13.2"
  resolved "https://repo.corp.qunar.com/artifactory/api/npm/npm-qunar/@loadable/component/download/@loadable/component-5.13.2.tgz#219b679c9e76bb5dd247923a3195ad3ef92cf977"
  integrity sha1-IZtnnJ52u13SR5I6MZWtPvks+Xc=
  dependencies:
    "@babel/runtime" "^7.7.7"
    hoist-non-react-statics "^3.3.1"
    react-is "^16.12.0"

"@remax/ali@2.8.4":
  version "2.8.4"
  resolved "https://repo.corp.qunar.com/artifactory/api/npm/npm-qunar/@remax/ali/download/@remax/ali-2.8.4.tgz#aec3f208eb841d8152c76a95f9fc3a0002e19054"
  integrity sha1-rsPyCOuEHYFSx2qV+fw6AALhkFQ=
  dependencies:
    "@remax/shared" "2.8.4"
    mini-types "^0.1.1"

"@remax/one@^2.7.0":
  version "2.8.4"
  resolved "https://repo.corp.qunar.com/artifactory/api/npm/npm-qunar/@remax/one/download/@remax/one-2.8.4.tgz#6cbb92cd05e25f03ef1a6febaeb7b0adc64ebbed"
  integrity sha1-bLuSzQXiXwPvGm/rrrewrcZOu+0=
  dependencies:
    "@remax/ali" "2.8.4"
    "@remax/router" "2.8.4"
    "@remax/runtime" "2.8.4"
    "@remax/toutiao" "2.8.4"
    "@remax/wechat" "2.8.4"
    clsx "^1.1.0"
    memoize-one "^5.1.1"
    react-autosize-textarea "^7.0.0"
    rmc-feedback "^2.0.0"

"@remax/react-router-cache-route@^1.8.4":
  version "1.8.4"
  resolved "https://repo.corp.qunar.com/artifactory/api/npm/npm-qunar/@remax/react-router-cache-route/download/@remax/react-router-cache-route-1.8.4.tgz#cf9ddad48b9ee5ef8439c705f2c865bd2c673543"
  integrity sha1-z53a1Iue5e+EOccF8shlvSxnNUM=

"@remax/router@2.8.4":
  version "2.8.4"
  resolved "https://repo.corp.qunar.com/artifactory/api/npm/npm-qunar/@remax/router/download/@remax/router-2.8.4.tgz#3c311f69c243a5380e41e4f29ecbe9392112ea1d"
  integrity sha1-PDEfacJDpTgOQeTynsvpOSES6h0=
  dependencies:
    "@remax/react-router-cache-route" "^1.8.4"
    history "^4.10.1"
    react-router-dom "^5.1.2"

"@remax/runtime@2.8.4", "@remax/runtime@^2.7.0":
  version "2.8.4"
  resolved "https://repo.corp.qunar.com/artifactory/api/npm/npm-qunar/@remax/runtime/download/@remax/runtime-2.8.4.tgz#29773b2e320092ccd9c5b98ab33c1a2353bc841e"
  integrity sha1-KXc7LjIAkszZxbmKszwaI1O8hB4=
  dependencies:
    "@remax/shared" "2.8.4"
    "@remax/types" "2.8.4"
    "@remax/web" "2.8.4"
    qs "^6.9.3"
    react-reconciler "0.25.1"
    scheduler "0.19.1"

"@remax/shared@2.8.4":
  version "2.8.4"
  resolved "https://repo.corp.qunar.com/artifactory/api/npm/npm-qunar/@remax/shared/download/@remax/shared-2.8.4.tgz#ab7a35d0d69a901fcf2e16b26b2947ca6e4ceb40"
  integrity sha1-q3o10NaakB/PLhayaylHym5M60A=

"@remax/toutiao@2.8.4":
  version "2.8.4"
  resolved "https://repo.corp.qunar.com/artifactory/api/npm/npm-qunar/@remax/toutiao/download/@remax/toutiao-2.8.4.tgz#a85f77f5a16a07fae80cf7f0bbed718574a56e06"
  integrity sha1-qF939aFqB/roDPfwu+1xhXSlbgY=
  dependencies:
    "@remax/shared" "2.8.4"

"@remax/types@2.8.4":
  version "2.8.4"
  resolved "https://repo.corp.qunar.com/artifactory/api/npm/npm-qunar/@remax/types/download/@remax/types-2.8.4.tgz#e12e22eb5c8b68457ab89542f1323c27cdbb7c7e"
  integrity sha1-4S4i61yLaEV6uJVC8TI8J827fH4=
  dependencies:
    "@babel/types" "^7.8.0"
    "@types/webpack" "^4.41.10"
    "@types/yargs" "^15.0.0"
    webpack-chain "^6.4.0"

"@remax/web@2.8.4":
  version "2.8.4"
  resolved "https://repo.corp.qunar.com/artifactory/api/npm/npm-qunar/@remax/web/download/@remax/web-2.8.4.tgz#8e9e338b3506b687cbd322cd1e845a052967ec6e"
  integrity sha1-jp4zizUGtofL0yLNHoRaBSln7G4=
  dependencies:
    "@loadable/component" "^5.12.0"
    "@remax/router" "2.8.4"
    rmc-pull-to-refresh "^1.0.12"
    umi-hd "^5.0.1"

"@remax/wechat@2.8.4", "@remax/wechat@^2.7.0":
  version "2.8.4"
  resolved "https://repo.corp.qunar.com/artifactory/api/npm/npm-qunar/@remax/wechat/download/@remax/wechat-2.8.4.tgz#7a816e5f8f37c496be6d2aee43c5379a4e2c81e6"
  integrity sha1-eoFuX483xJa+bSruQ8U3mk4sgeY=
  dependencies:
    "@remax/shared" "2.8.4"
    miniprogram-api-typings "^2.10.4"

"@types/anymatch@*":
  version "1.3.1"
  resolved "https://repo.corp.qunar.com/artifactory/api/npm/npm-qunar/@types/anymatch/download/@types/anymatch-1.3.1.tgz#336badc1beecb9dacc38bea2cf32adf627a8421a"
  integrity sha1-M2utwb7sudrMOL6izzKt9ieoQho=

"@types/node@*":
  version "14.11.10"
  resolved "https://repo.corp.qunar.com/artifactory/api/npm/npm-qunar/@types/node/download/@types/node-14.11.10.tgz#8c102aba13bf5253f35146affbf8b26275069bef"
  integrity sha1-jBAquhO/UlPzUUav+/iyYnUGm+8=

"@types/source-list-map@*":
  version "0.1.2"
  resolved "https://repo.corp.qunar.com/artifactory/api/npm/npm-qunar/@types/source-list-map/download/@types/source-list-map-0.1.2.tgz#0078836063ffaf17412349bba364087e0ac02ec9"
  integrity sha1-AHiDYGP/rxdBI0m7o2QIfgrALsk=

"@types/tapable@*":
  version "1.0.6"
  resolved "https://repo.corp.qunar.com/artifactory/api/npm/npm-qunar/@types/tapable/download/@types/tapable-1.0.6.tgz#a9ca4b70a18b270ccb2bc0aaafefd1d486b7ea74"
  integrity sha1-qcpLcKGLJwzLK8Cqr+/R1Ia36nQ=

"@types/uglify-js@*":
  version "3.11.0"
  resolved "https://repo.corp.qunar.com/artifactory/api/npm/npm-qunar/@types/uglify-js/download/@types/uglify-js-3.11.0.tgz#2868d405cc45cd9dc3069179052103032c33afbc"
  integrity sha1-KGjUBcxFzZ3DBpF5BSEDAywzr7w=
  dependencies:
    source-map "^0.6.1"

"@types/webpack-sources@*":
  version "2.0.0"
  resolved "https://repo.corp.qunar.com/artifactory/api/npm/npm-qunar/@types/webpack-sources/download/@types/webpack-sources-2.0.0.tgz#08216ab9be2be2e1499beaebc4d469cec81e82a7"
  integrity sha1-CCFqub4r4uFJm+rrxNRpzsgegqc=
  dependencies:
    "@types/node" "*"
    "@types/source-list-map" "*"
    source-map "^0.7.3"

"@types/webpack@^4.41.10":
  version "4.41.22"
  resolved "https://repo.corp.qunar.com/artifactory/api/npm/npm-qunar/@types/webpack/download/@types/webpack-4.41.22.tgz#ff9758a17c6bd499e459b91e78539848c32d0731"
  integrity sha1-/5dYoXxr1JnkWbkeeFOYSMMtBzE=
  dependencies:
    "@types/anymatch" "*"
    "@types/node" "*"
    "@types/tapable" "*"
    "@types/uglify-js" "*"
    "@types/webpack-sources" "*"
    source-map "^0.6.0"

"@types/yargs-parser@*":
  version "15.0.0"
  resolved "https://repo.corp.qunar.com/artifactory/api/npm/npm-qunar/@types/yargs-parser/download/@types/yargs-parser-15.0.0.tgz#cb3f9f741869e20cce330ffbeb9271590483882d"
  integrity sha1-yz+fdBhp4gzOMw/765JxWQSDiC0=

"@types/yargs@^15.0.0":
  version "15.0.9"
  resolved "https://repo.corp.qunar.com/artifactory/api/npm/npm-qunar/@types/yargs/download/@types/yargs-15.0.9.tgz#524cd7998fe810cdb02f26101b699cccd156ff19"
  integrity sha1-UkzXmY/oEM2wLyYQG2mczNFW/xk=
  dependencies:
    "@types/yargs-parser" "*"

array-find-index@^1.0.2:
  version "1.0.2"
  resolved "https://repo.corp.qunar.com/artifactory/api/npm/npm-qunar/array-find-index/download/array-find-index-1.0.2.tgz#df010aa1287e164bbda6f9723b0a96a1ec4187a1"
  integrity sha1-3wEKoSh+Fku9pvlyOwqWoexBh6E=

asap@~2.0.3:
  version "2.0.6"
  resolved "https://repo.corp.qunar.com/artifactory/api/npm/npm-qunar/asap/download/asap-2.0.6.tgz#e50347611d7e690943208bbdafebcbc2fb866d46"
  integrity sha1-5QNHYR1+aQlDIIu9r+vLwvuGbUY=

autosize@^4.0.2:
  version "4.0.2"
  resolved "https://repo.corp.qunar.com/artifactory/api/npm/npm-qunar/autosize/download/autosize-4.0.2.tgz#073cfd07c8bf45da4b9fd153437f5bafbba1e4c9"
  integrity sha1-Bzz9B8i/RdpLn9FTQ39br7uh5Mk=

babel-runtime@6.x:
  version "6.26.0"
  resolved "https://repo.corp.qunar.com/artifactory/api/npm/npm-qunar/babel-runtime/download/babel-runtime-6.26.0.tgz#965c7058668e82b55d7bfe04ff2337bc8b5647fe"
  integrity sha1-llxwWGaOgrVde/4E/yM3vItWR/4=
  dependencies:
    core-js "^2.4.0"
    regenerator-runtime "^0.11.0"

classnames@^2.2.5:
  version "2.2.6"
  resolved "https://repo.corp.qunar.com/artifactory/api/npm/npm-qunar/classnames/download/classnames-2.2.6.tgz#43935bffdd291f326dad0a205309b38d00f650ce"
  integrity sha1-Q5Nb/90pHzJtrQogUwmzjQD2UM4=

clsx@^1.1.0:
  version "1.1.1"
  resolved "https://repo.corp.qunar.com/artifactory/api/npm/npm-qunar/clsx/download/clsx-1.1.1.tgz#98b3134f9abbdf23b2663491ace13c5c03a73188"
  integrity sha1-mLMTT5q73yOyZjSRrOE8XAOnMYg=

computed-style@~0.1.3:
  version "0.1.4"
  resolved "https://repo.corp.qunar.com/artifactory/api/npm/npm-qunar/computed-style/download/computed-style-0.1.4.tgz#7f344fd8584b2e425bedca4a1afc0e300bb05d74"
  integrity sha1-fzRP2FhLLkJb7cpKGvwOMAuwXXQ=

core-js@^2.4.0, core-js@^2.4.1:
  version "2.6.11"
  resolved "https://repo.corp.qunar.com/artifactory/api/npm/npm-qunar/core-js/download/core-js-2.6.11.tgz#38831469f9922bded8ee21c9dc46985e0399308c"
  integrity sha1-OIMUafmSK97Y7iHJ3EaYXgOZMIw=

create-react-class@^15.6.2:
  version "15.7.0"
  resolved "https://repo.corp.qunar.com/artifactory/api/npm/npm-qunar/create-react-class/download/create-react-class-15.7.0.tgz#7499d7ca2e69bb51d13faf59bd04f0c65a1d6c1e"
  integrity sha1-dJnXyi5pu1HRP69ZvQTwxlodbB4=
  dependencies:
    loose-envify "^1.3.1"
    object-assign "^4.1.1"

css-in-js-utils@^2.0.0:
  version "2.0.1"
  resolved "https://repo.corp.qunar.com/artifactory/api/npm/npm-qunar/css-in-js-utils/download/css-in-js-utils-2.0.1.tgz#3b472b398787291b47cfe3e44fecfdd9e914ba99"
  integrity sha1-O0crOYeHKRtHz+PkT+z92ekUupk=
  dependencies:
    hyphenate-style-name "^1.0.2"
    isobject "^3.0.1"

debounce@^1.2.0:
  version "1.2.0"
  resolved "https://repo.corp.qunar.com/artifactory/api/npm/npm-qunar/debounce/download/debounce-1.2.0.tgz#44a540abc0ea9943018dc0eaa95cce87f65cd131"
  integrity sha1-RKVAq8DqmUMBjcDqqVzOh/Zc0TE=

deep-assign@^3.0.0:
  version "3.0.0"
  resolved "https://repo.corp.qunar.com/artifactory/api/npm/npm-qunar/deep-assign/download/deep-assign-3.0.0.tgz#c8e4c4d401cba25550a2f0f486a2e75bc5f219a2"
  integrity sha1-yOTE1AHLolVQovD0hqLnW8XyGaI=
  dependencies:
    is-obj "^1.0.0"

deepmerge@^1.5.2:
  version "1.5.2"
  resolved "https://repo.corp.qunar.com/artifactory/api/npm/npm-qunar/deepmerge/download/deepmerge-1.5.2.tgz#10499d868844cdad4fee0842df8c7f6f0c95a753"
  integrity sha1-EEmdhohEza1P7ghC34x/bwyVp1M=

encoding@^0.1.11:
  version "0.1.13"
  resolved "https://repo.corp.qunar.com/artifactory/api/npm/npm-qunar/encoding/download/encoding-0.1.13.tgz#56574afdd791f54a8e9b2785c0582a2d26210fa9"
  integrity sha1-VldK/deR9UqOmyeFwFgqLSYhD6k=
  dependencies:
    iconv-lite "^0.6.2"

fbjs-css-vars@^1.0.0:
  version "1.0.2"
  resolved "https://repo.corp.qunar.com/artifactory/api/npm/npm-qunar/fbjs-css-vars/download/fbjs-css-vars-1.0.2.tgz#216551136ae02fe255932c3ec8775f18e2c078b8"
  integrity sha1-IWVRE2rgL+JVkyw+yHdfGOLAeLg=

fbjs@^1.0.0:
  version "1.0.0"
  resolved "https://repo.corp.qunar.com/artifactory/api/npm/npm-qunar/fbjs/download/fbjs-1.0.0.tgz#52c215e0883a3c86af2a7a776ed51525ae8e0a5a"
  integrity sha1-UsIV4Ig6PIavKnp3btUVJa6OClo=
  dependencies:
    core-js "^2.4.1"
    fbjs-css-vars "^1.0.0"
    isomorphic-fetch "^2.1.1"
    loose-envify "^1.0.0"
    object-assign "^4.1.0"
    promise "^7.1.1"
    setimmediate "^1.0.5"
    ua-parser-js "^0.7.18"

history@^4.10.1, history@^4.9.0:
  version "4.10.1"
  resolved "https://repo.corp.qunar.com/artifactory/api/npm/npm-qunar/history/download/history-4.10.1.tgz#33371a65e3a83b267434e2b3f3b1b4c58aad4cf3"
  integrity sha1-MzcaZeOoOyZ0NOKz87G0xYqtTPM=
  dependencies:
    "@babel/runtime" "^7.1.2"
    loose-envify "^1.2.0"
    resolve-pathname "^3.0.0"
    tiny-invariant "^1.0.2"
    tiny-warning "^1.0.0"
    value-equal "^1.0.1"

hoist-non-react-statics@^3.1.0, hoist-non-react-statics@^3.3.1:
  version "3.3.2"
  resolved "https://repo.corp.qunar.com/artifactory/api/npm/npm-qunar/hoist-non-react-statics/download/hoist-non-react-statics-3.3.2.tgz#ece0acaf71d62c2969c2ec59feff42a4b1a85b45"
  integrity sha1-7OCsr3HWLClpwuxZ/v9CpLGoW0U=
  dependencies:
    react-is "^16.7.0"

hyphenate-style-name@^1.0.2, hyphenate-style-name@^1.0.3:
  version "1.0.4"
  resolved "https://repo.corp.qunar.com/artifactory/api/npm/npm-qunar/hyphenate-style-name/download/hyphenate-style-name-1.0.4.tgz#691879af8e220aea5750e8827db4ef62a54e361d"
  integrity sha1-aRh5r44iCupXUOiCfbTvYqVONh0=

iconv-lite@^0.6.2:
  version "0.6.2"
  resolved "https://repo.corp.qunar.com/artifactory/api/npm/npm-qunar/iconv-lite/download/iconv-lite-0.6.2.tgz#ce13d1875b0c3a674bd6a04b7f76b01b1b6ded01"
  integrity sha1-zhPRh1sMOmdL1qBLf3awGxtt7QE=
  dependencies:
    safer-buffer ">= 2.1.2 < 3.0.0"

inline-style-prefixer@^5.1.0:
  version "5.1.2"
  resolved "https://repo.corp.qunar.com/artifactory/api/npm/npm-qunar/inline-style-prefixer/download/inline-style-prefixer-5.1.2.tgz#e5a5a3515e25600e016b71e39138971228486c33"
  integrity sha1-5aWjUV4lYA4Ba3HjkTiXEihIbDM=
  dependencies:
    css-in-js-utils "^2.0.0"

is-obj@^1.0.0:
  version "1.0.1"
  resolved "https://repo.corp.qunar.com/artifactory/api/npm/npm-qunar/is-obj/download/is-obj-1.0.1.tgz#3e4729ac1f5fde025cd7d83a896dab9f4f67db0f"
  integrity sha1-PkcprB9f3gJc19g6iW2rn09n2w8=

is-stream@^1.0.1:
  version "1.1.0"
  resolved "https://repo.corp.qunar.com/artifactory/api/npm/npm-qunar/is-stream/download/is-stream-1.1.0.tgz#12d4a3dd4e68e0b79ceb8dbc84173ae80d91ca44"
  integrity sha1-EtSj3U5o4Lec6428hBc66A2RykQ=

isarray@0.0.1:
  version "0.0.1"
  resolved "https://repo.corp.qunar.com/artifactory/api/npm/npm-qunar/isarray/download/isarray-0.0.1.tgz#8a18acfca9a8f4177e09abfc6038939b05d1eedf"
  integrity sha1-ihis/Kmo9Bd+Cav8YDiTmwXR7t8=

isobject@^3.0.1:
  version "3.0.1"
  resolved "https://repo.corp.qunar.com/artifactory/api/npm/npm-qunar/isobject/download/isobject-3.0.1.tgz#4e431e92b11a9731636aa1f9c8d1ccbcfdab78df"
  integrity sha1-TkMekrEalzFjaqH5yNHMvP2reN8=

isomorphic-fetch@^2.1.1:
  version "2.2.1"
  resolved "https://repo.corp.qunar.com/artifactory/api/npm/npm-qunar/isomorphic-fetch/download/isomorphic-fetch-2.2.1.tgz#611ae1acf14f5e81f729507472819fe9733558a9"
  integrity sha1-YRrhrPFPXoH3KVB0coGf6XM1WKk=
  dependencies:
    node-fetch "^1.0.1"
    whatwg-fetch ">=0.10.0"

javascript-stringify@^2.0.1:
  version "2.0.1"
  resolved "https://repo.corp.qunar.com/artifactory/api/npm/npm-qunar/javascript-stringify/download/javascript-stringify-2.0.1.tgz#6ef358035310e35d667c675ed63d3eb7c1aa19e5"
  integrity sha1-bvNYA1MQ411mfGde1j0+t8GqGeU=

js-cookie@^2.2.1:
  version "2.2.1"
  resolved "https://repo.corp.qunar.com/artifactory/api/npm/npm-qunar/js-cookie/download/js-cookie-2.2.1.tgz#69e106dc5d5806894562902aa5baec3744e9b2b8"
  integrity sha1-aeEG3F1YBolFYpAqpbrsN0Tpsrg=

"js-tokens@^3.0.0 || ^4.0.0":
  version "4.0.0"
  resolved "https://repo.corp.qunar.com/artifactory/api/npm/npm-qunar/js-tokens/download/js-tokens-4.0.0.tgz#19203fb59991df98e3a287050d4647cdeaf32499"
  integrity sha1-GSA/tZmR35jjoocFDUZHzerzJJk=

line-height@^0.3.1:
  version "0.3.1"
  resolved "https://repo.corp.qunar.com/artifactory/api/npm/npm-qunar/line-height/download/line-height-0.3.1.tgz#4b1205edde182872a5efa3c8f620b3187a9c54c9"
  integrity sha1-SxIF7d4YKHKl76PI9iCzGHqcVMk=
  dependencies:
    computed-style "~0.1.3"

lodash@^4.17.19:
  version "4.17.20"
  resolved "https://repo.corp.qunar.com/artifactory/api/npm/npm-qunar/lodash/download/lodash-4.17.20.tgz#b44a9b6297bcb698f1c51a3545a2b3b368d59c52"
  integrity sha1-tEqbYpe8tpjxxRo1RaKzs2jVnFI=

loose-envify@^1.0.0, loose-envify@^1.1.0, loose-envify@^1.2.0, loose-envify@^1.3.1, loose-envify@^1.4.0:
  version "1.4.0"
  resolved "https://repo.corp.qunar.com/artifactory/api/npm/npm-qunar/loose-envify/download/loose-envify-1.4.0.tgz#71ee51fa7be4caec1a63839f7e682d8132d30caf"
  integrity sha1-ce5R+nvkyuwaY4OffmgtgTLTDK8=
  dependencies:
    js-tokens "^3.0.0 || ^4.0.0"

memoize-one@^5.1.1:
  version "5.1.1"
  resolved "https://repo.corp.qunar.com/artifactory/api/npm/npm-qunar/memoize-one/download/memoize-one-5.1.1.tgz#047b6e3199b508eaec03504de71229b8eb1d75c0"
  integrity sha1-BHtuMZm1COrsA1BN5xIpuOsddcA=

mini-create-react-context@^0.4.0:
  version "0.4.0"
  resolved "https://repo.corp.qunar.com/artifactory/api/npm/npm-qunar/mini-create-react-context/download/mini-create-react-context-0.4.0.tgz#df60501c83151db69e28eac0ef08b4002efab040"
  integrity sha1-32BQHIMVHbaeKOrA7wi0AC76sEA=
  dependencies:
    "@babel/runtime" "^7.5.5"
    tiny-warning "^1.0.3"

mini-types@^0.1.1:
  version "0.1.4"
  resolved "https://repo.corp.qunar.com/artifactory/api/npm/npm-qunar/mini-types/download/mini-types-0.1.4.tgz#47712c66069119395228b8b2d483a11ee7cf9fb1"
  integrity sha1-R3EsZgaRGTlSKLiy1IOhHufPn7E=

miniprogram-api-typings@^2.10.4:
  version "2.12.0"
  resolved "https://repo.corp.qunar.com/artifactory/api/npm/npm-qunar/miniprogram-api-typings/download/miniprogram-api-typings-2.12.0.tgz#7a29c90f3e5efa36588422d1f01e22d3394aaaa1"
  integrity sha1-einJDz5e+jZYhCLR8B4i0zlKqqE=

node-fetch@^1.0.1:
  version "1.7.3"
  resolved "https://repo.corp.qunar.com/artifactory/api/npm/npm-qunar/node-fetch/download/node-fetch-1.7.3.tgz#980f6f72d85211a5347c6b2bc18c5b84c3eb47ef"
  integrity sha1-mA9vcthSEaU0fGsrwYxbhMPrR+8=
  dependencies:
    encoding "^0.1.11"
    is-stream "^1.0.1"

normalize-css-color@^1.0.2:
  version "1.0.2"
  resolved "https://repo.corp.qunar.com/artifactory/api/npm/npm-qunar/normalize-css-color/download/normalize-css-color-1.0.2.tgz#02991e97cccec6623fe573afbbf0de6a1f3e9f8d"
  integrity sha1-Apkel8zOxmI/5XOvu/Deah8+n40=

object-assign@^4.1.0, object-assign@^4.1.1:
  version "4.1.1"
  resolved "https://repo.corp.qunar.com/artifactory/api/npm/npm-qunar/object-assign/download/object-assign-4.1.1.tgz#2109adc7965887cfc05cbbd442cac8bfbb360863"
  integrity sha1-IQmtx5ZYh8/AXLvUQsrIv7s2CGM=

path-to-regexp@^1.7.0:
  version "1.8.0"
  resolved "https://repo.corp.qunar.com/artifactory/api/npm/npm-qunar/path-to-regexp/download/path-to-regexp-1.8.0.tgz#887b3ba9d84393e87a0a0b9f4cb756198b53548a"
  integrity sha1-iHs7qdhDk+h6CgufTLdWGYtTVIo=
  dependencies:
    isarray "0.0.1"

promise@^7.1.1:
  version "7.3.1"
  resolved "https://repo.corp.qunar.com/artifactory/api/npm/npm-qunar/promise/download/promise-7.3.1.tgz#064b72602b18f90f29192b8b1bc418ffd1ebd3bf"
  integrity sha1-BktyYCsY+Q8pGSuLG8QY/9Hr078=
  dependencies:
    asap "~2.0.3"

prop-types@^15.5.6, prop-types@^15.6.0, prop-types@^15.6.2:
  version "15.7.2"
  resolved "https://repo.corp.qunar.com/artifactory/api/npm/npm-qunar/prop-types/download/prop-types-15.7.2.tgz#52c41e75b8c87e72b9d9360e0206b99dcbffa6c5"
  integrity sha1-UsQedbjIfnK52TYOAga5ncv/psU=
  dependencies:
    loose-envify "^1.4.0"
    object-assign "^4.1.1"
    react-is "^16.8.1"

qs@^6.9.3:
  version "6.9.4"
  resolved "https://repo.corp.qunar.com/artifactory/api/npm/npm-qunar/qs/download/qs-6.9.4.tgz#9090b290d1f91728d3c22e54843ca44aea5ab687"
  integrity sha1-kJCykNH5FyjTwi5UhDykSupatoc=

react-autosize-textarea@^7.0.0:
  version "7.1.0"
  resolved "https://repo.corp.qunar.com/artifactory/api/npm/npm-qunar/react-autosize-textarea/download/react-autosize-textarea-7.1.0.tgz#902c84fc395a689ca3a484dfb6bc2be9ba3694d1"
  integrity sha1-kCyE/DlaaJyjpITftrwr6bo2lNE=
  dependencies:
    autosize "^4.0.2"
    line-height "^0.3.1"
    prop-types "^15.5.6"

react-dom@^16.13.1:
  version "16.14.0"
  resolved "https://repo.corp.qunar.com/artifactory/api/npm/npm-qunar/react-dom/download/react-dom-16.14.0.tgz#7ad838ec29a777fb3c75c3a190f661cf92ab8b89"
  integrity sha1-etg47Cmnd/s8dcOhkPZhz5Kri4k=
  dependencies:
    loose-envify "^1.1.0"
    object-assign "^4.1.1"
    prop-types "^15.6.2"
    scheduler "^0.19.1"

react-is@^16.12.0, react-is@^16.6.0, react-is@^16.7.0, react-is@^16.8.1:
  version "16.13.1"
  resolved "https://repo.corp.qunar.com/artifactory/api/npm/npm-qunar/react-is/download/react-is-16.13.1.tgz#789729a4dc36de2999dc156dd6c1d9c18cea56a4"
  integrity sha1-eJcppNw23imZ3BVt1sHZwYzqVqQ=

react-reconciler@0.25.1:
  version "0.25.1"
  resolved "https://repo.corp.qunar.com/artifactory/api/npm/npm-qunar/react-reconciler/download/react-reconciler-0.25.1.tgz#f9814d59d115e1210762287ce987801529363aaa"
  integrity sha1-+YFNWdEV4SEHYih86YeAFSk2Oqo=
  dependencies:
    loose-envify "^1.1.0"
    object-assign "^4.1.1"
    prop-types "^15.6.2"
    scheduler "^0.19.1"

react-router-dom@^5.1.2:
  version "5.2.0"
  resolved "https://repo.corp.qunar.com/artifactory/api/npm/npm-qunar/react-router-dom/download/react-router-dom-5.2.0.tgz#9e65a4d0c45e13289e66c7b17c7e175d0ea15662"
  integrity sha1-nmWk0MReEyieZsexfH4XXQ6hVmI=
  dependencies:
    "@babel/runtime" "^7.1.2"
    history "^4.9.0"
    loose-envify "^1.3.1"
    prop-types "^15.6.2"
    react-router "5.2.0"
    tiny-invariant "^1.0.2"
    tiny-warning "^1.0.0"

react-router@5.2.0:
  version "5.2.0"
  resolved "https://repo.corp.qunar.com/artifactory/api/npm/npm-qunar/react-router/download/react-router-5.2.0.tgz#424e75641ca8747fbf76e5ecca69781aa37ea293"
  integrity sha1-Qk51ZByodH+/duXsyml4GqN+opM=
  dependencies:
    "@babel/runtime" "^7.1.2"
    history "^4.9.0"
    hoist-non-react-statics "^3.1.0"
    loose-envify "^1.3.1"
    mini-create-react-context "^0.4.0"
    path-to-regexp "^1.7.0"
    prop-types "^15.6.2"
    react-is "^16.6.0"
    tiny-invariant "^1.0.2"
    tiny-warning "^1.0.0"

react-timer-mixin@^0.13.4:
  version "0.13.4"
  resolved "https://repo.corp.qunar.com/artifactory/api/npm/npm-qunar/react-timer-mixin/download/react-timer-mixin-0.13.4.tgz#75a00c3c94c13abe29b43d63b4c65a88fc8264d3"
  integrity sha1-daAMPJTBOr4ptD1jtMZaiPyCZNM=

regenerator-runtime@^0.11.0:
  version "0.11.1"
  resolved "https://repo.corp.qunar.com/artifactory/api/npm/npm-qunar/regenerator-runtime/download/regenerator-runtime-0.11.1.tgz#be05ad7f9bf7d22e056f9726cee5017fbf19e2e9"
  integrity sha1-vgWtf5v30i4Fb5cmzuUBf78Z4uk=

regenerator-runtime@^0.13.4:
  version "0.13.7"
  resolved "https://repo.corp.qunar.com/artifactory/api/npm/npm-qunar/regenerator-runtime/download/regenerator-runtime-0.13.7.tgz#cac2dacc8a1ea675feaabaeb8ae833898ae46f55"
  integrity sha1-ysLazIoepnX+qrrriugziYrkb1U=

resolve-pathname@^3.0.0:
  version "3.0.0"
  resolved "https://repo.corp.qunar.com/artifactory/api/npm/npm-qunar/resolve-pathname/download/resolve-pathname-3.0.0.tgz#99d02224d3cf263689becbb393bc560313025dcd"
  integrity sha1-mdAiJNPPJjaJvsuzk7xWAxMCXc0=

rmc-feedback@^2.0.0:
  version "2.0.0"
  resolved "https://repo.corp.qunar.com/artifactory/api/npm/npm-qunar/rmc-feedback/download/rmc-feedback-2.0.0.tgz#cbc6cb3ae63c7a635eef0e25e4fbaf5ac366eeaa"
  integrity sha1-y8bLOuY8emNe7w4l5PuvWsNm7qo=
  dependencies:
    babel-runtime "6.x"
    classnames "^2.2.5"

rmc-pull-to-refresh@^1.0.12:
  version "1.0.13"
  resolved "https://repo.corp.qunar.com/artifactory/api/npm/npm-qunar/rmc-pull-to-refresh/download/rmc-pull-to-refresh-1.0.13.tgz#8fc1bd36c9b09fcd50e8d8632f556b6a8462ef1a"
  integrity sha1-j8G9Nsmwn81Q6NhjL1VraoRi7xo=
  dependencies:
    babel-runtime "6.x"
    classnames "^2.2.5"

"safer-buffer@>= 2.1.2 < 3.0.0":
  version "2.1.2"
  resolved "https://repo.corp.qunar.com/artifactory/api/npm/npm-qunar/safer-buffer/download/safer-buffer-2.1.2.tgz#44fa161b0187b9549dd84bb91802f9bd8385cd6a"
  integrity sha1-RPoWGwGHuVSd2Eu5GAL5vYOFzWo=

scheduler@0.19.1, scheduler@^0.19.1:
  version "0.19.1"
  resolved "https://repo.corp.qunar.com/artifactory/api/npm/npm-qunar/scheduler/download/scheduler-0.19.1.tgz#4f3e2ed2c1a7d65681f4c854fa8c5a1ccb40f196"
  integrity sha1-Tz4u0sGn1laB9MhU+oxaHMtA8ZY=
  dependencies:
    loose-envify "^1.1.0"
    object-assign "^4.1.1"

setimmediate@^1.0.5:
  version "1.0.5"
  resolved "https://repo.corp.qunar.com/artifactory/api/npm/npm-qunar/setimmediate/download/setimmediate-1.0.5.tgz#290cbb232e306942d7d7ea9b83732ab7856f8285"
  integrity sha1-KQy7Iy4waULX1+qbg3Mqt4VvgoU=

source-map@^0.6.0, source-map@^0.6.1:
  version "0.6.1"
  resolved "https://repo.corp.qunar.com/artifactory/api/npm/npm-qunar/source-map/download/source-map-0.6.1.tgz#74722af32e9614e9c287a8d0bbde48b5e2f1a263"
  integrity sha1-dHIq8y6WFOnCh6jQu95IteLxomM=

source-map@^0.7.3:
  version "0.7.3"
  resolved "https://repo.corp.qunar.com/artifactory/api/npm/npm-qunar/source-map/download/source-map-0.7.3.tgz#5302f8169031735226544092e64981f751750383"
  integrity sha1-UwL4FpAxc1ImVECS5kmB91F1A4M=

tiny-invariant@^1.0.2:
  version "1.1.0"
  resolved "https://repo.corp.qunar.com/artifactory/api/npm/npm-qunar/tiny-invariant/download/tiny-invariant-1.1.0.tgz#634c5f8efdc27714b7f386c35e6760991d230875"
  integrity sha1-Y0xfjv3CdxS384bDXmdgmR0jCHU=

tiny-warning@^1.0.0, tiny-warning@^1.0.3:
  version "1.0.3"
  resolved "https://repo.corp.qunar.com/artifactory/api/npm/npm-qunar/tiny-warning/download/tiny-warning-1.0.3.tgz#94a30db453df4c643d0fd566060d60a875d84754"
  integrity sha1-lKMNtFPfTGQ9D9VmBg1gqHXYR1Q=

to-fast-properties@^2.0.0:
  version "2.0.0"
  resolved "https://repo.corp.qunar.com/artifactory/api/npm/npm-qunar/to-fast-properties/download/to-fast-properties-2.0.0.tgz#dc5e698cbd079265bc73e0377681a4e4e83f616e"
  integrity sha1-3F5pjL0HkmW8c+A3doGk5Og/YW4=

ua-parser-js@^0.7.18:
  version "0.7.22"
  resolved "https://repo.corp.qunar.com/artifactory/api/npm/npm-qunar/ua-parser-js/download/ua-parser-js-0.7.22.tgz#960df60a5f911ea8f1c818f3747b99c6e177eae3"
  integrity sha1-lg32Cl+RHqjxyBjzdHuZxuF36uM=

umi-hd@^5.0.1:
  version "5.0.1"
  resolved "https://repo.corp.qunar.com/artifactory/api/npm/npm-qunar/umi-hd/download/umi-hd-5.0.1.tgz#59061d3f4aad70491b7c853525aced91afbe1e21"
  integrity sha1-WQYdP0qtcEkbfIU1Jaztka++HiE=

value-equal@^1.0.1:
  version "1.0.1"
  resolved "https://repo.corp.qunar.com/artifactory/api/npm/npm-qunar/value-equal/download/value-equal-1.0.1.tgz#1e0b794c734c5c0cade179c437d356d931a34d6c"
  integrity sha1-Hgt5THNMXAyt4XnEN9NW2TGjTWw=

webpack-chain@^6.4.0:
  version "6.5.1"
  resolved "https://repo.corp.qunar.com/artifactory/api/npm/npm-qunar/webpack-chain/download/webpack-chain-6.5.1.tgz#4f27284cbbb637e3c8fbdef43eef588d4d861206"
  integrity sha1-TycoTLu2N+PI+970Pu9YjU2GEgY=
  dependencies:
    deepmerge "^1.5.2"
    javascript-stringify "^2.0.1"

whatwg-fetch@>=0.10.0:
  version "3.4.1"
  resolved "https://repo.corp.qunar.com/artifactory/api/npm/npm-qunar/whatwg-fetch/download/whatwg-fetch-3.4.1.tgz#e5f871572d6879663fa5674c8f833f15a8425ab3"
  integrity sha1-5fhxVy1oeWY/pWdMj4M/FahCWrM=
